{
  "originHash" : "624fc18e455b8577fcb6d5918de11701bff53e36eab480b45835e46be3dd6d26",
  "pins" : [
    {
      "identity" : "fitscore",
      "kind" : "remoteSourceControl",
      "location" : "https://github.com/brampf/fitscore.git",
      "state" : {
        "revision" : "a750b171ad4efb2348564a3473ade03c8c4f3ec4",
        "version" : "0.3.0"
      }
    },
    {
      "identity" : "fitskit",
      "kind" : "remoteSourceControl",
      "location" : "https://github.com/brampf/fitskit",
      "state" : {
        "revision" : "0e4094ed8c45d094551c519d4e36d466ea900de6",
        "version" : "0.1.0"
      }
    },
    {
      "identity" : "swift-numerics",
      "kind" : "remoteSourceControl",
      "location" : "https://github.com/apple/swift-numerics",
      "state" : {
        "revision" : "6583ac70c326c3ee080c1d42d9ca3361dca816cd",
        "version" : "0.1.0"
      }
    }
  ],
  "version" : 3
}
