// !$*UTF8*$!
{
	archiveVersion = 1;
	classes = {
	};
	objectVersion = 77;
	objects = {

/* Begin PBXContainerItemProxy section */
		1B84E4062E03BC9D000C863E /* PBXContainerItemProxy */ = {
			isa = PBXContainerItemProxy;
			containerPortal = 1B84E3F02E03BC9B000C863E /* Project object */;
			proxyType = 1;
			remoteGlobalIDString = 1B84E3F72E03BC9B000C863E;
			remoteInfo = FITSASTRO;
		};
		1B84E4102E03BC9D000C863E /* PBXContainerItemProxy */ = {
			isa = PBXContainerItemProxy;
			containerPortal = 1B84E3F02E03BC9B000C863E /* Project object */;
			proxyType = 1;
			remoteGlobalIDString = 1B84E3F72E03BC9B000C863E;
			remoteInfo = FITSASTRO;
		};
/* End PBXContainerItemProxy section */

/* Begin PBXFileReference section */
		1B84E3F82E03BC9B000C863E /* FITSASTRO.app */ = {isa = PBXFileReference; explicitFileType = wrapper.application; includeInIndex = 0; path = FITSASTRO.app; sourceTree = BUILT_PRODUCTS_DIR; };
		1B84E4052E03BC9D000C863E /* FITSASTROTests.xctest */ = {isa = PBXFileReference; explicitFileType = wrapper.cfbundle; includeInIndex = 0; path = FITSASTROTests.xctest; sourceTree = BUILT_PRODUCTS_DIR; };
		1B84E40F2E03BC9D000C863E /* FITSASTROUITests.xctest */ = {isa = PBXFileReference; explicitFileType = wrapper.cfbundle; includeInIndex = 0; path = FITSASTROUITests.xctest; sourceTree = BUILT_PRODUCTS_DIR; };
/* End PBXFileReference section */

/* Begin PBXFileSystemSynchronizedRootGroup section */
		1B84E3FA2E03BC9B000C863E /* FITSASTRO */ = {
			isa = PBXFileSystemSynchronizedRootGroup;
			path = FITSASTRO;
			sourceTree = "<group>";
		};
		1B84E4082E03BC9D000C863E /* FITSASTROTests */ = {
			isa = PBXFileSystemSynchronizedRootGroup;
			path = FITSASTROTests;
			sourceTree = "<group>";
		};
		1B84E4122E03BC9D000C863E /* FITSASTROUITests */ = {
			isa = PBXFileSystemSynchronizedRootGroup;
			path = FITSASTROUITests;
			sourceTree = "<group>";
		};
/* End PBXFileSystemSynchronizedRootGroup section */

/* Begin PBXFrameworksBuildPhase section */
		1B84E3F52E03BC9B000C863E /* Frameworks */ = {
			isa = PBXFrameworksBuildPhase;
			buildActionMask = 2147483647;
			files = (
			);
			runOnlyForDeploymentPostprocessing = 0;
		};
		1B84E4022E03BC9D000C863E /* Frameworks */ = {
			isa = PBXFrameworksBuildPhase;
			buildActionMask = 2147483647;
			files = (
			);
			runOnlyForDeploymentPostprocessing = 0;
		};
		1B84E40C2E03BC9D000C863E /* Frameworks */ = {
			isa = PBXFrameworksBuildPhase;
			buildActionMask = 2147483647;
			files = (
			);
			runOnlyForDeploymentPostprocessing = 0;
		};
/* End PBXFrameworksBuildPhase section */

/* Begin PBXGroup section */
		1B84E3EF2E03BC9B000C863E = {
			isa = PBXGroup;
			children = (
				1B84E3FA2E03BC9B000C863E /* FITSASTRO */,
				1B84E4082E03BC9D000C863E /* FITSASTROTests */,
				1B84E4122E03BC9D000C863E /* FITSASTROUITests */,
				1B84E3F92E03BC9B000C863E /* Products */,
			);
			sourceTree = "<group>";
		};
		1B84E3F92E03BC9B000C863E /* Products */ = {
			isa = PBXGroup;
			children = (
				1B84E3F82E03BC9B000C863E /* FITSASTRO.app */,
				1B84E4052E03BC9D000C863E /* FITSASTROTests.xctest */,
				1B84E40F2E03BC9D000C863E /* FITSASTROUITests.xctest */,
			);
			name = Products;
			sourceTree = "<group>";
		};
/* End PBXGroup section */

/* Begin PBXNativeTarget section */
		1B84E3F72E03BC9B000C863E /* FITSASTRO */ = {
			isa = PBXNativeTarget;
			buildConfigurationList = 1B84E4192E03BC9D000C863E /* Build configuration list for PBXNativeTarget "FITSASTRO" */;
			buildPhases = (
				1B84E3F42E03BC9B000C863E /* Sources */,
				1B84E3F52E03BC9B000C863E /* Frameworks */,
				1B84E3F62E03BC9B000C863E /* Resources */,
			);
			buildRules = (
			);
			dependencies = (
			);
			fileSystemSynchronizedGroups = (
				1B84E3FA2E03BC9B000C863E /* FITSASTRO */,
			);
			name = FITSASTRO;
			packageProductDependencies = (
			);
			productName = FITSASTRO;
			productReference = 1B84E3F82E03BC9B000C863E /* FITSASTRO.app */;
			productType = "com.apple.product-type.application";
		};
		1B84E4042E03BC9D000C863E /* FITSASTROTests */ = {
			isa = PBXNativeTarget;
			buildConfigurationList = 1B84E41C2E03BC9D000C863E /* Build configuration list for PBXNativeTarget "FITSASTROTests" */;
			buildPhases = (
				1B84E4012E03BC9D000C863E /* Sources */,
				1B84E4022E03BC9D000C863E /* Frameworks */,
				1B84E4032E03BC9D000C863E /* Resources */,
			);
			buildRules = (
			);
			dependencies = (
				1B84E4072E03BC9D000C863E /* PBXTargetDependency */,
			);
			fileSystemSynchronizedGroups = (
				1B84E4082E03BC9D000C863E /* FITSASTROTests */,
			);
			name = FITSASTROTests;
			packageProductDependencies = (
			);
			productName = FITSASTROTests;
			productReference = 1B84E4052E03BC9D000C863E /* FITSASTROTests.xctest */;
			productType = "com.apple.product-type.bundle.unit-test";
		};
		1B84E40E2E03BC9D000C863E /* FITSASTROUITests */ = {
			isa = PBXNativeTarget;
			buildConfigurationList = 1B84E41F2E03BC9D000C863E /* Build configuration list for PBXNativeTarget "FITSASTROUITests" */;
			buildPhases = (
				1B84E40B2E03BC9D000C863E /* Sources */,
				1B84E40C2E03BC9D000C863E /* Frameworks */,
				1B84E40D2E03BC9D000C863E /* Resources */,
			);
			buildRules = (
			);
			dependencies = (
				1B84E4112E03BC9D000C863E /* PBXTargetDependency */,
			);
			fileSystemSynchronizedGroups = (
				1B84E4122E03BC9D000C863E /* FITSASTROUITests */,
			);
			name = FITSASTROUITests;
			packageProductDependencies = (
			);
			productName = FITSASTROUITests;
			productReference = 1B84E40F2E03BC9D000C863E /* FITSASTROUITests.xctest */;
			productType = "com.apple.product-type.bundle.ui-testing";
		};
/* End PBXNativeTarget section */

/* Begin PBXProject section */
		1B84E3F02E03BC9B000C863E /* Project object */ = {
			isa = PBXProject;
			attributes = {
				BuildIndependentTargetsInParallel = 1;
				LastSwiftUpdateCheck = 1640;
				LastUpgradeCheck = 1640;
				TargetAttributes = {
					1B84E3F72E03BC9B000C863E = {
						CreatedOnToolsVersion = 16.4;
					};
					1B84E4042E03BC9D000C863E = {
						CreatedOnToolsVersion = 16.4;
						TestTargetID = 1B84E3F72E03BC9B000C863E;
					};
					1B84E40E2E03BC9D000C863E = {
						CreatedOnToolsVersion = 16.4;
						TestTargetID = 1B84E3F72E03BC9B000C863E;
					};
				};
			};
			buildConfigurationList = 1B84E3F32E03BC9B000C863E /* Build configuration list for PBXProject "FITSASTRO" */;
			developmentRegion = en;
			hasScannedForEncodings = 0;
			knownRegions = (
				en,
				Base,
			);
			mainGroup = 1B84E3EF2E03BC9B000C863E;
			minimizedProjectReferenceProxies = 1;
			packageReferences = (
				1BA116562E089FDF00A88804 /* XCRemoteSwiftPackageReference "fitskit" */,
			);
			preferredProjectObjectVersion = 77;
			productRefGroup = 1B84E3F92E03BC9B000C863E /* Products */;
			projectDirPath = "";
			projectRoot = "";
			targets = (
				1B84E3F72E03BC9B000C863E /* FITSASTRO */,
				1B84E4042E03BC9D000C863E /* FITSASTROTests */,
				1B84E40E2E03BC9D000C863E /* FITSASTROUITests */,
			);
		};
/* End PBXProject section */

/* Begin PBXResourcesBuildPhase section */
		1B84E3F62E03BC9B000C863E /* Resources */ = {
			isa = PBXResourcesBuildPhase;
			buildActionMask = 2147483647;
			files = (
			);
			runOnlyForDeploymentPostprocessing = 0;
		};
		1B84E4032E03BC9D000C863E /* Resources */ = {
			isa = PBXResourcesBuildPhase;
			buildActionMask = 2147483647;
			files = (
			);
			runOnlyForDeploymentPostprocessing = 0;
		};
		1B84E40D2E03BC9D000C863E /* Resources */ = {
			isa = PBXResourcesBuildPhase;
			buildActionMask = 2147483647;
			files = (
			);
			runOnlyForDeploymentPostprocessing = 0;
		};
/* End PBXResourcesBuildPhase section */

/* Begin PBXSourcesBuildPhase section */
		1B84E3F42E03BC9B000C863E /* Sources */ = {
			isa = PBXSourcesBuildPhase;
			buildActionMask = 2147483647;
			files = (
			);
			runOnlyForDeploymentPostprocessing = 0;
		};
		1B84E4012E03BC9D000C863E /* Sources */ = {
			isa = PBXSourcesBuildPhase;
			buildActionMask = 2147483647;
			files = (
			);
			runOnlyForDeploymentPostprocessing = 0;
		};
		1B84E40B2E03BC9D000C863E /* Sources */ = {
			isa = PBXSourcesBuildPhase;
			buildActionMask = 2147483647;
			files = (
			);
			runOnlyForDeploymentPostprocessing = 0;
		};
/* End PBXSourcesBuildPhase section */

/* Begin PBXTargetDependency section */
		1B84E4072E03BC9D000C863E /* PBXTargetDependency */ = {
			isa = PBXTargetDependency;
			target = 1B84E3F72E03BC9B000C863E /* FITSASTRO */;
			targetProxy = 1B84E4062E03BC9D000C863E /* PBXContainerItemProxy */;
		};
		1B84E4112E03BC9D000C863E /* PBXTargetDependency */ = {
			isa = PBXTargetDependency;
			target = 1B84E3F72E03BC9B000C863E /* FITSASTRO */;
			targetProxy = 1B84E4102E03BC9D000C863E /* PBXContainerItemProxy */;
		};
/* End PBXTargetDependency section */

/* Begin XCBuildConfiguration section */
		1B84E4172E03BC9D000C863E /* Debug */ = {
			isa = XCBuildConfiguration;
			buildSettings = {
				ALWAYS_SEARCH_USER_PATHS = NO;
				ASSETCATALOG_COMPILER_GENERATE_SWIFT_ASSET_SYMBOL_EXTENSIONS = YES;
				CLANG_ANALYZER_NONNULL = YES;
				CLANG_ANALYZER_NUMBER_OBJECT_CONVERSION = YES_AGGRESSIVE;
				CLANG_CXX_LANGUAGE_STANDARD = "gnu++20";
				CLANG_ENABLE_MODULES = YES;
				CLANG_ENABLE_OBJC_ARC = YES;
				CLANG_ENABLE_OBJC_WEAK = YES;
				CLANG_WARN_BLOCK_CAPTURE_AUTORELEASING = YES;
				CLANG_WARN_BOOL_CONVERSION = YES;
				CLANG_WARN_COMMA = YES;
				CLANG_WARN_CONSTANT_CONVERSION = YES;
				CLANG_WARN_DEPRECATED_OBJC_IMPLEMENTATIONS = YES;
				CLANG_WARN_DIRECT_OBJC_ISA_USAGE = YES_ERROR;
				CLANG_WARN_DOCUMENTATION_COMMENTS = YES;
				CLANG_WARN_EMPTY_BODY = YES;
				CLANG_WARN_ENUM_CONVERSION = YES;
				CLANG_WARN_INFINITE_RECURSION = YES;
				CLANG_WARN_INT_CONVERSION = YES;
				CLANG_WARN_NON_LITERAL_NULL_CONVERSION = YES;
				CLANG_WARN_OBJC_IMPLICIT_RETAIN_SELF = YES;
				CLANG_WARN_OBJC_LITERAL_CONVERSION = YES;
				CLANG_WARN_OBJC_ROOT_CLASS = YES_ERROR;
				CLANG_WARN_QUOTED_INCLUDE_IN_FRAMEWORK_HEADER = YES;
				CLANG_WARN_RANGE_LOOP_ANALYSIS = YES;
				CLANG_WARN_STRICT_PROTOTYPES = YES;
				CLANG_WARN_SUSPICIOUS_MOVE = YES;
				CLANG_WARN_UNGUARDED_AVAILABILITY = YES_AGGRESSIVE;
				CLANG_WARN_UNREACHABLE_CODE = YES;
				CLANG_WARN__DUPLICATE_METHOD_MATCH = YES;
				COPY_PHASE_STRIP = NO;
				DEBUG_INFORMATION_FORMAT = dwarf;
				ENABLE_STRICT_OBJC_MSGSEND = YES;
				ENABLE_TESTABILITY = YES;
				ENABLE_USER_SCRIPT_SANDBOXING = YES;
				GCC_C_LANGUAGE_STANDARD = gnu17;
				GCC_DYNAMIC_NO_PIC = NO;
				GCC_NO_COMMON_BLOCKS = YES;
				GCC_OPTIMIZATION_LEVEL = 0;
				GCC_PREPROCESSOR_DEFINITIONS = (
					"DEBUG=1",
					"$(inherited)",
				);
				GCC_WARN_64_TO_32_BIT_CONVERSION = YES;
				GCC_WARN_ABOUT_RETURN_TYPE = YES_ERROR;
				GCC_WARN_UNDECLARED_SELECTOR = YES;
				GCC_WARN_UNINITIALIZED_AUTOS = YES_AGGRESSIVE;
				GCC_WARN_UNUSED_FUNCTION = YES;
				GCC_WARN_UNUSED_VARIABLE = YES;
				IPHONEOS_DEPLOYMENT_TARGET = 18.5;
				LOCALIZATION_PREFERS_STRING_CATALOGS = YES;
				MTL_ENABLE_DEBUG_INFO = INCLUDE_SOURCE;
				MTL_FAST_MATH = YES;
				ONLY_ACTIVE_ARCH = YES;
				SDKROOT = iphoneos;
				SWIFT_ACTIVE_COMPILATION_CONDITIONS = "DEBUG $(inherited)";
				SWIFT_OPTIMIZATION_LEVEL = "-Onone";
			};
			name = Debug;
		};
		1B84E4182E03BC9D000C863E /* Release */ = {
			isa = XCBuildConfiguration;
			buildSettings = {
				ALWAYS_SEARCH_USER_PATHS = NO;
				ASSETCATALOG_COMPILER_GENERATE_SWIFT_ASSET_SYMBOL_EXTENSIONS = YES;
				CLANG_ANALYZER_NONNULL = YES;
				CLANG_ANALYZER_NUMBER_OBJECT_CONVERSION = YES_AGGRESSIVE;
				CLANG_CXX_LANGUAGE_STANDARD = "gnu++20";
				CLANG_ENABLE_MODULES = YES;
				CLANG_ENABLE_OBJC_ARC = YES;
				CLANG_ENABLE_OBJC_WEAK = YES;
				CLANG_WARN_BLOCK_CAPTURE_AUTORELEASING = YES;
				CLANG_WARN_BOOL_CONVERSION = YES;
				CLANG_WARN_COMMA = YES;
				CLANG_WARN_CONSTANT_CONVERSION = YES;
				CLANG_WARN_DEPRECATED_OBJC_IMPLEMENTATIONS = YES;
				CLANG_WARN_DIRECT_OBJC_ISA_USAGE = YES_ERROR;
				CLANG_WARN_DOCUMENTATION_COMMENTS = YES;
				CLANG_WARN_EMPTY_BODY = YES;
				CLANG_WARN_ENUM_CONVERSION = YES;
				CLANG_WARN_INFINITE_RECURSION = YES;
				CLANG_WARN_INT_CONVERSION = YES;
				CLANG_WARN_NON_LITERAL_NULL_CONVERSION = YES;
				CLANG_WARN_OBJC_IMPLICIT_RETAIN_SELF = YES;
				CLANG_WARN_OBJC_LITERAL_CONVERSION = YES;
				CLANG_WARN_OBJC_ROOT_CLASS = YES_ERROR;
				CLANG_WARN_QUOTED_INCLUDE_IN_FRAMEWORK_HEADER = YES;
				CLANG_WARN_RANGE_LOOP_ANALYSIS = YES;
				CLANG_WARN_STRICT_PROTOTYPES = YES;
				CLANG_WARN_SUSPICIOUS_MOVE = YES;
				CLANG_WARN_UNGUARDED_AVAILABILITY = YES_AGGRESSIVE;
				CLANG_WARN_UNREACHABLE_CODE = YES;
				CLANG_WARN__DUPLICATE_METHOD_MATCH = YES;
				COPY_PHASE_STRIP = NO;
				DEBUG_INFORMATION_FORMAT = "dwarf-with-dsym";
				ENABLE_NS_ASSERTIONS = NO;
				ENABLE_STRICT_OBJC_MSGSEND = YES;
				ENABLE_USER_SCRIPT_SANDBOXING = YES;
				GCC_C_LANGUAGE_STANDARD = gnu17;
				GCC_NO_COMMON_BLOCKS = YES;
				GCC_WARN_64_TO_32_BIT_CONVERSION = YES;
				GCC_WARN_ABOUT_RETURN_TYPE = YES_ERROR;
				GCC_WARN_UNDECLARED_SELECTOR = YES;
				GCC_WARN_UNINITIALIZED_AUTOS = YES_AGGRESSIVE;
				GCC_WARN_UNUSED_FUNCTION = YES;
				GCC_WARN_UNUSED_VARIABLE = YES;
				IPHONEOS_DEPLOYMENT_TARGET = 18.5;
				LOCALIZATION_PREFERS_STRING_CATALOGS = YES;
				MTL_ENABLE_DEBUG_INFO = NO;
				MTL_FAST_MATH = YES;
				SDKROOT = iphoneos;
				SWIFT_COMPILATION_MODE = wholemodule;
				VALIDATE_PRODUCT = YES;
			};
			name = Release;
		};
		1B84E41A2E03BC9D000C863E /* Debug */ = {
			isa = XCBuildConfiguration;
			buildSettings = {
				ASSETCATALOG_COMPILER_APPICON_NAME = AppIcon;
				ASSETCATALOG_COMPILER_GLOBAL_ACCENT_COLOR_NAME = AccentColor;
				CODE_SIGN_STYLE = Automatic;
				CURRENT_PROJECT_VERSION = 1;
				DEVELOPMENT_TEAM = 9WF2A23V6P;
				ENABLE_PREVIEWS = YES;
				GENERATE_INFOPLIST_FILE = YES;
				INFOPLIST_KEY_CFBundleDisplayName = iFITS;
				INFOPLIST_KEY_LSApplicationCategoryType = "public.app-category.utilities";
				INFOPLIST_KEY_UIApplicationSceneManifest_Generation = YES;
				INFOPLIST_KEY_UIApplicationSupportsIndirectInputEvents = YES;
				INFOPLIST_KEY_UILaunchScreen_Generation = YES;
				INFOPLIST_KEY_UISupportedInterfaceOrientations_iPad = "UIInterfaceOrientationPortrait UIInterfaceOrientationPortraitUpsideDown UIInterfaceOrientationLandscapeLeft UIInterfaceOrientationLandscapeRight";
				INFOPLIST_KEY_UISupportedInterfaceOrientations_iPhone = "UIInterfaceOrientationPortrait UIInterfaceOrientationLandscapeLeft UIInterfaceOrientationLandscapeRight";
				LD_RUNPATH_SEARCH_PATHS = (
					"$(inherited)",
					"@executable_path/Frameworks",
				);
				MARKETING_VERSION = 1.0;
				PRODUCT_BUNDLE_IDENTIFIER = galasity.FITSASTRO;
				PRODUCT_NAME = "$(TARGET_NAME)";
				SUPPORTED_PLATFORMS = "iphoneos iphonesimulator";
				SUPPORTS_MACCATALYST = NO;
				SWIFT_EMIT_LOC_STRINGS = YES;
				SWIFT_VERSION = 5.0;
				TARGETED_DEVICE_FAMILY = 2;
			};
			name = Debug;
		};
		1B84E41B2E03BC9D000C863E /* Release */ = {
			isa = XCBuildConfiguration;
			buildSettings = {
				ASSETCATALOG_COMPILER_APPICON_NAME = AppIcon;
				ASSETCATALOG_COMPILER_GLOBAL_ACCENT_COLOR_NAME = AccentColor;
				CODE_SIGN_STYLE = Automatic;
				CURRENT_PROJECT_VERSION = 1;
				DEVELOPMENT_TEAM = 9WF2A23V6P;
				ENABLE_PREVIEWS = YES;
				GENERATE_INFOPLIST_FILE = YES;
				INFOPLIST_KEY_CFBundleDisplayName = iFITS;
				INFOPLIST_KEY_LSApplicationCategoryType = "public.app-category.utilities";
				INFOPLIST_KEY_UIApplicationSceneManifest_Generation = YES;
				INFOPLIST_KEY_UIApplicationSupportsIndirectInputEvents = YES;
				INFOPLIST_KEY_UILaunchScreen_Generation = YES;
				INFOPLIST_KEY_UISupportedInterfaceOrientations_iPad = "UIInterfaceOrientationPortrait UIInterfaceOrientationPortraitUpsideDown UIInterfaceOrientationLandscapeLeft UIInterfaceOrientationLandscapeRight";
				INFOPLIST_KEY_UISupportedInterfaceOrientations_iPhone = "UIInterfaceOrientationPortrait UIInterfaceOrientationLandscapeLeft UIInterfaceOrientationLandscapeRight";
				LD_RUNPATH_SEARCH_PATHS = (
					"$(inherited)",
					"@executable_path/Frameworks",
				);
				MARKETING_VERSION = 1.0;
				PRODUCT_BUNDLE_IDENTIFIER = galasity.FITSASTRO;
				PRODUCT_NAME = "$(TARGET_NAME)";
				SUPPORTED_PLATFORMS = "iphoneos iphonesimulator";
				SUPPORTS_MACCATALYST = NO;
				SWIFT_EMIT_LOC_STRINGS = YES;
				SWIFT_VERSION = 5.0;
				TARGETED_DEVICE_FAMILY = 2;
			};
			name = Release;
		};
		1B84E41D2E03BC9D000C863E /* Debug */ = {
			isa = XCBuildConfiguration;
			buildSettings = {
				BUNDLE_LOADER = "$(TEST_HOST)";
				CODE_SIGN_STYLE = Automatic;
				CURRENT_PROJECT_VERSION = 1;
				GENERATE_INFOPLIST_FILE = YES;
				IPHONEOS_DEPLOYMENT_TARGET = 18.5;
				MARKETING_VERSION = 1.0;
				PRODUCT_BUNDLE_IDENTIFIER = galasity.FITSASTROTests;
				PRODUCT_NAME = "$(TARGET_NAME)";
				SWIFT_EMIT_LOC_STRINGS = NO;
				SWIFT_VERSION = 5.0;
				TARGETED_DEVICE_FAMILY = "1,2";
				TEST_HOST = "$(BUILT_PRODUCTS_DIR)/FITSASTRO.app/$(BUNDLE_EXECUTABLE_FOLDER_PATH)/FITSASTRO";
			};
			name = Debug;
		};
		1B84E41E2E03BC9D000C863E /* Release */ = {
			isa = XCBuildConfiguration;
			buildSettings = {
				BUNDLE_LOADER = "$(TEST_HOST)";
				CODE_SIGN_STYLE = Automatic;
				CURRENT_PROJECT_VERSION = 1;
				GENERATE_INFOPLIST_FILE = YES;
				IPHONEOS_DEPLOYMENT_TARGET = 18.5;
				MARKETING_VERSION = 1.0;
				PRODUCT_BUNDLE_IDENTIFIER = galasity.FITSASTROTests;
				PRODUCT_NAME = "$(TARGET_NAME)";
				SWIFT_EMIT_LOC_STRINGS = NO;
				SWIFT_VERSION = 5.0;
				TARGETED_DEVICE_FAMILY = "1,2";
				TEST_HOST = "$(BUILT_PRODUCTS_DIR)/FITSASTRO.app/$(BUNDLE_EXECUTABLE_FOLDER_PATH)/FITSASTRO";
			};
			name = Release;
		};
		1B84E4202E03BC9D000C863E /* Debug */ = {
			isa = XCBuildConfiguration;
			buildSettings = {
				CODE_SIGN_STYLE = Automatic;
				CURRENT_PROJECT_VERSION = 1;
				GENERATE_INFOPLIST_FILE = YES;
				MARKETING_VERSION = 1.0;
				PRODUCT_BUNDLE_IDENTIFIER = galasity.FITSASTROUITests;
				PRODUCT_NAME = "$(TARGET_NAME)";
				SWIFT_EMIT_LOC_STRINGS = NO;
				SWIFT_VERSION = 5.0;
				TARGETED_DEVICE_FAMILY = "1,2";
				TEST_TARGET_NAME = FITSASTRO;
			};
			name = Debug;
		};
		1B84E4212E03BC9D000C863E /* Release */ = {
			isa = XCBuildConfiguration;
			buildSettings = {
				CODE_SIGN_STYLE = Automatic;
				CURRENT_PROJECT_VERSION = 1;
				GENERATE_INFOPLIST_FILE = YES;
				MARKETING_VERSION = 1.0;
				PRODUCT_BUNDLE_IDENTIFIER = galasity.FITSASTROUITests;
				PRODUCT_NAME = "$(TARGET_NAME)";
				SWIFT_EMIT_LOC_STRINGS = NO;
				SWIFT_VERSION = 5.0;
				TARGETED_DEVICE_FAMILY = "1,2";
				TEST_TARGET_NAME = FITSASTRO;
			};
			name = Release;
		};
/* End XCBuildConfiguration section */

/* Begin XCConfigurationList section */
		1B84E3F32E03BC9B000C863E /* Build configuration list for PBXProject "FITSASTRO" */ = {
			isa = XCConfigurationList;
			buildConfigurations = (
				1B84E4172E03BC9D000C863E /* Debug */,
				1B84E4182E03BC9D000C863E /* Release */,
			);
			defaultConfigurationIsVisible = 0;
			defaultConfigurationName = Release;
		};
		1B84E4192E03BC9D000C863E /* Build configuration list for PBXNativeTarget "FITSASTRO" */ = {
			isa = XCConfigurationList;
			buildConfigurations = (
				1B84E41A2E03BC9D000C863E /* Debug */,
				1B84E41B2E03BC9D000C863E /* Release */,
			);
			defaultConfigurationIsVisible = 0;
			defaultConfigurationName = Release;
		};
		1B84E41C2E03BC9D000C863E /* Build configuration list for PBXNativeTarget "FITSASTROTests" */ = {
			isa = XCConfigurationList;
			buildConfigurations = (
				1B84E41D2E03BC9D000C863E /* Debug */,
				1B84E41E2E03BC9D000C863E /* Release */,
			);
			defaultConfigurationIsVisible = 0;
			defaultConfigurationName = Release;
		};
		1B84E41F2E03BC9D000C863E /* Build configuration list for PBXNativeTarget "FITSASTROUITests" */ = {
			isa = XCConfigurationList;
			buildConfigurations = (
				1B84E4202E03BC9D000C863E /* Debug */,
				1B84E4212E03BC9D000C863E /* Release */,
			);
			defaultConfigurationIsVisible = 0;
			defaultConfigurationName = Release;
		};
/* End XCConfigurationList section */

/* Begin XCRemoteSwiftPackageReference section */
		1BA116562E089FDF00A88804 /* XCRemoteSwiftPackageReference "fitskit" */ = {
			isa = XCRemoteSwiftPackageReference;
			repositoryURL = "https://github.com/brampf/fitskit";
			requirement = {
				kind = upToNextMajorVersion;
				minimumVersion = 0.1.0;
			};
		};
/* End XCRemoteSwiftPackageReference section */
	};
	rootObject = 1B84E3F02E03BC9B000C863E /* Project object */;
}
